
Microsoft Visual Studio Solution File, Format Version 12.00
# Visual Studio Version 16
VisualStudioVersion = 16.0.30204.135
MinimumVisualStudioVersion = 10.0.40219.1
Project("{FAE04EC0-301F-11D3-BF4B-00C04F79EFBC}") = "WebsiteDichVuDiChoThueCDIO4", "WebsiteDichVuDiChoThueCDIO4\WebsiteDichVuDiChoThueCDIO4.csproj", "{2FA158A6-BA63-43EC-B083-D4E4CBD4ACF2}"
EndProject
Project("{FAE04EC0-301F-11D3-BF4B-00C04F79EFBC}") = "WebsiteDichVuDiChoThueCDIO4.Tests", "WebsiteDichVuDiChoThueCDIO4.Tests\WebsiteDichVuDiChoThueCDIO4.Tests.csproj", "{0F106487-16FB-45C7-95A5-DB5A51487A26}"
EndProject
Global
	GlobalSection(SolutionConfigurationPlatforms) = preSolution
		Debug|Any CPU = Debug|Any CPU
		Release|Any CPU = Release|Any CPU
	EndGlobalSection
	GlobalSection(ProjectConfigurationPlatforms) = postSolution
		{2FA158A6-BA63-43EC-B083-D4E4CBD4ACF2}.Debug|Any CPU.ActiveCfg = Debug|Any CPU
		{2FA158A6-BA63-43EC-B083-D4E4CBD4ACF2}.Debug|Any CPU.Build.0 = Debug|Any CPU
		{2FA158A6-BA63-43EC-B083-D4E4CBD4ACF2}.Release|Any CPU.ActiveCfg = Release|Any CPU
		{2FA158A6-BA63-43EC-B083-D4E4CBD4ACF2}.Release|Any CPU.Build.0 = Release|Any CPU
		{0F106487-16FB-45C7-95A5-DB5A51487A26}.Debug|Any CPU.ActiveCfg = Debug|Any CPU
		{0F106487-16FB-45C7-95A5-DB5A51487A26}.Debug|Any CPU.Build.0 = Debug|Any CPU
		{0F106487-16FB-45C7-95A5-DB5A51487A26}.Release|Any CPU.ActiveCfg = Release|Any CPU
		{0F106487-16FB-45C7-95A5-DB5A51487A26}.Release|Any CPU.Build.0 = Release|Any CPU
	EndGlobalSection
	GlobalSection(SolutionProperties) = preSolution
		HideSolutionNode = FALSE
	EndGlobalSection
	GlobalSection(ExtensibilityGlobals) = postSolution
		SolutionGuid = {85E92BF7-1ECE-42AD-A82F-B79A6BCB8603}
	EndGlobalSection
EndGlobal
